{
  "name": "app",
  "lockfileVersion": 2,
  "requires": true,
  "packages": {
    "": {
      "name": "app",
      "dependencies": {
        "@hotwired/stimulus": "^3.1.1",
        "@hotwired/turbo-rails": "^7.2.4",
        "@popperjs/core": "^2.11.6",
        "@rails/actioncable": "^7.0.4",
        "@rails/activestorage": "^7.0.4",
        "bootstrap": "^5.2.2",
        "bootstrap-icons": "^1.9.1",
        "chart.js": "^4.0.1",
        "chartkick": "^4.2.0",
        "esbuild": "^0.15.13",
        "sass": "^1.56.1",
        "stimulus-use": "^0.51.0"
      }
    },
    "node_modules/@hotwired/stimulus": {
      "version": "3.1.1",
      "license": "MIT"
    },
    "node_modules/@hotwired/turbo": {
      "version": "7.2.4",
      "license": "MIT",
      "engines": {
        "node": ">= 14"
      }
    },
    "node_modules/@hotwired/turbo-rails": {
      "version": "7.2.4",
      "license": "MIT",
      "dependencies": {
        "@hotwired/turbo": "^7.2.4",
        "@rails/actioncable": "^7.0"
      }
    },
    "node_modules/@popperjs/core": {
      "version": "2.11.6",
      "license": "MIT",
      "funding": {
        "type": "opencollective",
        "url": "https://opencollective.com/popperjs"
      }
    },
    "node_modules/@rails/actioncable": {
      "version": "7.0.4",
      "license": "MIT"
    },
    "node_modules/@rails/activestorage": {
      "version": "7.0.4",
      "license": "MIT",
      "dependencies": {
        "spark-md5": "^3.0.1"
      }
    },
    "node_modules/anymatch": {
      "version": "3.1.2",
      "license": "ISC",
      "dependencies": {
        "normalize-path": "^3.0.0",
        "picomatch": "^2.0.4"
      },
      "engines": {
        "node": ">= 8"
      }
    },
    "node_modules/binary-extensions": {
      "version": "2.2.0",
      "license": "MIT",
      "engines": {
        "node": ">=8"
      }
    },
    "node_modules/bootstrap": {
      "version": "5.2.2",
      "funding": [
        {
          "type": "github",
          "url": "https://github.com/sponsors/twbs"
        },
        {
          "type": "opencollective",
          "url": "https://opencollective.com/bootstrap"
        }
      ],
      "license": "MIT",
      "peerDependencies": {
        "@popperjs/core": "^2.11.6"
      }
    },
    "node_modules/bootstrap-icons": {
      "version": "1.9.1",
      "license": "MIT"
    },
    "node_modules/braces": {
      "version": "3.0.2",
      "license": "MIT",
      "dependencies": {
        "fill-range": "^7.0.1"
      },
      "engines": {
        "node": ">=8"
      }
    },
    "node_modules/chart.js": {
      "version": "4.0.1",
      "resolved": "https://registry.npmjs.org/chart.js/-/chart.js-4.0.1.tgz",
      "integrity": "sha512-5/8/9eBivwBZK81mKvmIwTb2Pmw4D/5h1RK9fBWZLLZ8mCJ+kfYNmV9rMrGoa5Hgy2/wVDBMLSUDudul2/9ihA==",
      "engines": {
        "pnpm": "^7.0.0"
      }
    },
    "node_modules/chartjs-adapter-date-fns": {
      "version": "2.0.1",
      "resolved": "https://registry.npmjs.org/chartjs-adapter-date-fns/-/chartjs-adapter-date-fns-2.0.1.tgz",
      "integrity": "sha512-v3WV9rdnQ05ce3A0ZCjzUekJCAbfm6+3HqSoeY2BIkdMYZoYr/4T+ril1tZyDl869lz6xdNVMXejUFT9YKpw4A==",
      "optional": true,
      "peerDependencies": {
        "chart.js": ">=2.8.0"
      }
    },
    "node_modules/chartkick": {
      "version": "4.2.0",
      "resolved": "https://registry.npmjs.org/chartkick/-/chartkick-4.2.0.tgz",
      "integrity": "sha512-7yYZyxeFhOh/LA7gc1VwDFgc6t4ZM9RrbBjgb4dJoFukk2+94QkK0yulYI2OUH1cjcfrf1qmj04FkjZx7kZDeg==",
      "optionalDependencies": {
        "chart.js": ">=3.0.2",
        "chartjs-adapter-date-fns": ">=2.0.0",
        "date-fns": ">=2.0.0"
      }
    },
    "node_modules/chokidar": {
      "version": "3.5.3",
      "funding": [
        {
          "type": "individual",
          "url": "https://paulmillr.com/funding/"
        }
      ],
      "license": "MIT",
      "dependencies": {
        "anymatch": "~3.1.2",
        "braces": "~3.0.2",
        "glob-parent": "~5.1.2",
        "is-binary-path": "~2.1.0",
        "is-glob": "~4.0.1",
        "normalize-path": "~3.0.0",
        "readdirp": "~3.6.0"
      },
      "engines": {
        "node": ">= 8.10.0"
      },
      "optionalDependencies": {
        "fsevents": "~2.3.2"
      }
    },
    "node_modules/date-fns": {
      "version": "2.29.3",
      "resolved": "https://registry.npmjs.org/date-fns/-/date-fns-2.29.3.tgz",
      "integrity": "sha512-dDCnyH2WnnKusqvZZ6+jA1O51Ibt8ZMRNkDZdyAyK4YfbDwa/cEmuztzG5pk6hqlp9aSBPYcjOlktquahGwGeA==",
      "optional": true,
      "engines": {
        "node": ">=0.11"
      },
      "funding": {
        "type": "opencollective",
        "url": "https://opencollective.com/date-fns"
      }
    },
    "node_modules/esbuild": {
      "version": "0.15.13",
      "hasInstallScript": true,
      "license": "MIT",
      "bin": {
        "esbuild": "bin/esbuild"
      },
      "engines": {
        "node": ">=12"
      },
      "optionalDependencies": {
        "@esbuild/android-arm": "0.15.13",
        "@esbuild/linux-loong64": "0.15.13",
        "esbuild-android-64": "0.15.13",
        "esbuild-android-arm64": "0.15.13",
        "esbuild-darwin-64": "0.15.13",
        "esbuild-darwin-arm64": "0.15.13",
        "esbuild-freebsd-64": "0.15.13",
        "esbuild-freebsd-arm64": "0.15.13",
        "esbuild-linux-32": "0.15.13",
        "esbuild-linux-64": "0.15.13",
        "esbuild-linux-arm": "0.15.13",
        "esbuild-linux-arm64": "0.15.13",
        "esbuild-linux-mips64le": "0.15.13",
        "esbuild-linux-ppc64le": "0.15.13",
        "esbuild-linux-riscv64": "0.15.13",
        "esbuild-linux-s390x": "0.15.13",
        "esbuild-netbsd-64": "0.15.13",
        "esbuild-openbsd-64": "0.15.13",
        "esbuild-sunos-64": "0.15.13",
        "esbuild-windows-32": "0.15.13",
        "esbuild-windows-64": "0.15.13",
        "esbuild-windows-arm64": "0.15.13"
      }
    },
    "node_modules/esbuild-linux-64": {
      "version": "0.15.13",
      "cpu": [
        "x64"
      ],
      "license": "MIT",
      "optional": true,
      "os": [
        "linux"
      ],
      "engines": {
        "node": ">=12"
      }
    },
    "node_modules/fill-range": {
      "version": "7.0.1",
      "license": "MIT",
      "dependencies": {
        "to-regex-range": "^5.0.1"
      },
      "engines": {
        "node": ">=8"
      }
    },
    "node_modules/glob-parent": {
      "version": "5.1.2",
      "license": "ISC",
      "dependencies": {
        "is-glob": "^4.0.1"
      },
      "engines": {
        "node": ">= 6"
      }
    },
    "node_modules/hotkeys-js": {
      "version": "3.10.0",
      "license": "MIT"
    },
    "node_modules/immutable": {
      "version": "4.1.0",
      "license": "MIT"
    },
    "node_modules/is-binary-path": {
      "version": "2.1.0",
      "license": "MIT",
      "dependencies": {
        "binary-extensions": "^2.0.0"
      },
      "engines": {
        "node": ">=8"
      }
    },
    "node_modules/is-extglob": {
      "version": "2.1.1",
      "license": "MIT",
      "engines": {
        "node": ">=0.10.0"
      }
    },
    "node_modules/is-glob": {
      "version": "4.0.3",
      "license": "MIT",
      "dependencies": {
        "is-extglob": "^2.1.1"
      },
      "engines": {
        "node": ">=0.10.0"
      }
    },
    "node_modules/is-number": {
      "version": "7.0.0",
      "license": "MIT",
      "engines": {
        "node": ">=0.12.0"
      }
    },
    "node_modules/normalize-path": {
      "version": "3.0.0",
      "license": "MIT",
      "engines": {
        "node": ">=0.10.0"
      }
    },
    "node_modules/picomatch": {
      "version": "2.3.1",
      "license": "MIT",
      "engines": {
        "node": ">=8.6"
      },
      "funding": {
        "url": "https://github.com/sponsors/jonschlinkert"
      }
    },
    "node_modules/readdirp": {
      "version": "3.6.0",
      "license": "MIT",
      "dependencies": {
        "picomatch": "^2.2.1"
      },
      "engines": {
        "node": ">=8.10.0"
      }
    },
    "node_modules/sass": {
      "version": "1.56.1",
      "license": "MIT",
      "dependencies": {
        "chokidar": ">=3.0.0 <4.0.0",
        "immutable": "^4.0.0",
        "source-map-js": ">=0.6.2 <2.0.0"
      },
      "bin": {
        "sass": "sass.js"
      },
      "engines": {
        "node": ">=12.0.0"
      }
    },
    "node_modules/source-map-js": {
      "version": "1.0.2",
      "license": "BSD-3-Clause",
      "engines": {
        "node": ">=0.10.0"
      }
    },
    "node_modules/spark-md5": {
      "version": "3.0.2",
      "license": "(WTFPL OR MIT)"
    },
    "node_modules/stimulus-use": {
      "version": "0.51.0",
      "license": "MIT",
      "dependencies": {
        "hotkeys-js": ">=3"
      },
      "peerDependencies": {
        "@hotwired/stimulus": ">= 3"
      }
    },
    "node_modules/to-regex-range": {
      "version": "5.0.1",
      "license": "MIT",
      "dependencies": {
        "is-number": "^7.0.0"
      },
      "engines": {
        "node": ">=8.0"
      }
    }
  },
  "dependencies": {
    "@hotwired/stimulus": {
      "version": "3.1.1"
    },
    "@hotwired/turbo": {
      "version": "7.2.4"
    },
    "@hotwired/turbo-rails": {
      "version": "7.2.4",
      "requires": {
        "@hotwired/turbo": "^7.2.4",
        "@rails/actioncable": "^7.0"
      }
    },
    "@popperjs/core": {
      "version": "2.11.6"
    },
    "@rails/actioncable": {
      "version": "7.0.4"
    },
    "@rails/activestorage": {
      "version": "7.0.4",
      "requires": {
        "spark-md5": "^3.0.1"
      }
    },
    "anymatch": {
      "version": "3.1.2",
      "requires": {
        "normalize-path": "^3.0.0",
        "picomatch": "^2.0.4"
      }
    },
    "binary-extensions": {
      "version": "2.2.0"
    },
    "bootstrap": {
      "version": "5.2.2",
      "requires": {}
    },
    "bootstrap-icons": {
      "version": "1.9.1"
    },
    "braces": {
      "version": "3.0.2",
      "requires": {
        "fill-range": "^7.0.1"
      }
    },
    "chart.js": {
      "version": "4.0.1",
      "resolved": "https://registry.npmjs.org/chart.js/-/chart.js-4.0.1.tgz",
      "integrity": "sha512-5/8/9eBivwBZK81mKvmIwTb2Pmw4D/5h1RK9fBWZLLZ8mCJ+kfYNmV9rMrGoa5Hgy2/wVDBMLSUDudul2/9ihA=="
    },
    "chartjs-adapter-date-fns": {
      "version": "2.0.1",
      "resolved": "https://registry.npmjs.org/chartjs-adapter-date-fns/-/chartjs-adapter-date-fns-2.0.1.tgz",
      "integrity": "sha512-v3WV9rdnQ05ce3A0ZCjzUekJCAbfm6+3HqSoeY2BIkdMYZoYr/4T+ril1tZyDl869lz6xdNVMXejUFT9YKpw4A==",
      "optional": true,
      "requires": {}
    },
    "chartkick": {
      "version": "4.2.0",
      "resolved": "https://registry.npmjs.org/chartkick/-/chartkick-4.2.0.tgz",
      "integrity": "sha512-7yYZyxeFhOh/LA7gc1VwDFgc6t4ZM9RrbBjgb4dJoFukk2+94QkK0yulYI2OUH1cjcfrf1qmj04FkjZx7kZDeg==",
      "requires": {
        "chart.js": ">=3.0.2",
        "chartjs-adapter-date-fns": ">=2.0.0",
        "date-fns": ">=2.0.0"
      }
    },
    "chokidar": {
      "version": "3.5.3",
      "requires": {
        "anymatch": "~3.1.2",
        "braces": "~3.0.2",
        "fsevents": "~2.3.2",
        "glob-parent": "~5.1.2",
        "is-binary-path": "~2.1.0",
        "is-glob": "~4.0.1",
        "normalize-path": "~3.0.0",
        "readdirp": "~3.6.0"
      }
    },
    "date-fns": {
      "version": "2.29.3",
      "resolved": "https://registry.npmjs.org/date-fns/-/date-fns-2.29.3.tgz",
      "integrity": "sha512-dDCnyH2WnnKusqvZZ6+jA1O51Ibt8ZMRNkDZdyAyK4YfbDwa/cEmuztzG5pk6hqlp9aSBPYcjOlktquahGwGeA==",
      "optional": true
    },
    "esbuild": {
      "version": "0.15.13",
      "requires": {
        "@esbuild/android-arm": "0.15.13",
        "@esbuild/linux-loong64": "0.15.13",
        "esbuild-android-64": "0.15.13",
        "esbuild-android-arm64": "0.15.13",
        "esbuild-darwin-64": "0.15.13",
        "esbuild-darwin-arm64": "0.15.13",
        "esbuild-freebsd-64": "0.15.13",
        "esbuild-freebsd-arm64": "0.15.13",
        "esbuild-linux-32": "0.15.13",
        "esbuild-linux-64": "0.15.13",
        "esbuild-linux-arm": "0.15.13",
        "esbuild-linux-arm64": "0.15.13",
        "esbuild-linux-mips64le": "0.15.13",
        "esbuild-linux-ppc64le": "0.15.13",
        "esbuild-linux-riscv64": "0.15.13",
        "esbuild-linux-s390x": "0.15.13",
        "esbuild-netbsd-64": "0.15.13",
        "esbuild-openbsd-64": "0.15.13",
        "esbuild-sunos-64": "0.15.13",
        "esbuild-windows-32": "0.15.13",
        "esbuild-windows-64": "0.15.13",
        "esbuild-windows-arm64": "0.15.13"
      }
    },
    "esbuild-linux-64": {
      "version": "0.15.13",
      "optional": true
    },
    "fill-range": {
      "version": "7.0.1",
      "requires": {
        "to-regex-range": "^5.0.1"
      }
    },
    "glob-parent": {
      "version": "5.1.2",
      "requires": {
        "is-glob": "^4.0.1"
      }
    },
    "hotkeys-js": {
      "version": "3.10.0"
    },
    "immutable": {
      "version": "4.1.0"
    },
    "is-binary-path": {
      "version": "2.1.0",
      "requires": {
        "binary-extensions": "^2.0.0"
      }
    },
    "is-extglob": {
      "version": "2.1.1"
    },
    "is-glob": {
      "version": "4.0.3",
      "requires": {
        "is-extglob": "^2.1.1"
      }
    },
    "is-number": {
      "version": "7.0.0"
    },
    "normalize-path": {
      "version": "3.0.0"
    },
    "picomatch": {
      "version": "2.3.1"
    },
    "readdirp": {
      "version": "3.6.0",
      "requires": {
        "picomatch": "^2.2.1"
      }
    },
    "sass": {
      "version": "1.56.1",
      "requires": {
        "chokidar": ">=3.0.0 <4.0.0",
        "immutable": "^4.0.0",
        "source-map-js": ">=0.6.2 <2.0.0"
      }
    },
    "source-map-js": {
      "version": "1.0.2"
    },
    "spark-md5": {
      "version": "3.0.2"
    },
    "stimulus-use": {
      "version": "0.51.0",
      "requires": {
        "hotkeys-js": ">=3"
      }
    },
    "to-regex-range": {
      "version": "5.0.1",
      "requires": {
        "is-number": "^7.0.0"
      }
    }
  }
}
